
Microsoft Visual Studio Solution File, Format Version 12.00
# Visual Studio 15
VisualStudioVersion = 15.0.27703.2042
MinimumVisualStudioVersion = 10.0.40219.1
Project("{FAE04EC0-301F-11D3-BF4B-00C04F79EFBC}") = "BrettspielEngine", "BrettspielEngine\BrettspielEngine.csproj", "{80A3EC54-0CFC-4E81-98C0-82A6DA092449}"
EndProject
Global
	GlobalSection(SolutionConfigurationPlatforms) = preSolution
		Debug|Any CPU = Debug|Any CPU
		Release|Any CPU = Release|Any CPU
	EndGlobalSection
	GlobalSection(ProjectConfigurationPlatforms) = postSolution
		{80A3EC54-0CFC-4E81-98C0-82A6DA092449}.Debug|Any CPU.ActiveCfg = Debug|Any CPU
		{80A3EC54-0CFC-4E81-98C0-82A6DA092449}.Debug|Any CPU.Build.0 = Debug|Any CPU
		{80A3EC54-0CFC-4E81-98C0-82A6DA092449}.Release|Any CPU.ActiveCfg = Release|Any CPU
		{80A3EC54-0CFC-4E81-98C0-82A6DA092449}.Release|Any CPU.Build.0 = Release|Any CPU
	EndGlobalSection
	GlobalSection(SolutionProperties) = preSolution
		HideSolutionNode = FALSE
	EndGlobalSection
	GlobalSection(ExtensibilityGlobals) = postSolution
		SolutionGuid = {D3F2FF09-C9EF-405E-A7C0-C8C236C17D38}
	EndGlobalSection
EndGlobal
